// !$*UTF8*$!
{
	archiveVersion = 1;
	classes = {
	};
	objectVersion = 55;
	objects = {

/* Begin PBXBuildFile section */
		7BCAD5E328122F4E0049CC9C /* AppDelegate.swift in Sources */ = {isa = PBXBuildFile; fileRef = 7BCAD5E228122F4E0049CC9C /* AppDelegate.swift */; };
		7BCAD5E528122F4E0049CC9C /* SceneDelegate.swift in Sources */ = {isa = PBXBuildFile; fileRef = 7BCAD5E428122F4E0049CC9C /* SceneDelegate.swift */; };
		7BCAD5E728122F4E0049CC9C /* ViewController.swift in Sources */ = {isa = PBXBuildFile; fileRef = 7BCAD5E628122F4E0049CC9C /* ViewController.swift */; };
		7BCAD5EA28122F4E0049CC9C /* Main.storyboard in Resources */ = {isa = PBXBuildFile; fileRef = 7BCAD5E828122F4E0049CC9C /* Main.storyboard */; };
		7BCAD5EC28122F500049CC9C /* Assets.xcassets in Resources */ = {isa = PBXBuildFile; fileRef = 7BCAD5EB28122F500049CC9C /* Assets.xcassets */; };
		7BCAD5EF28122F500049CC9C /* LaunchScreen.storyboard in Resources */ = {isa = PBXBuildFile; fileRef = 7BCAD5ED28122F500049CC9C /* LaunchScreen.storyboard */; };
		7BCAD5FA28122F500049CC9C /* DevPassRestApiTests.swift in Sources */ = {isa = PBXBuildFile; fileRef = 7BCAD5F928122F500049CC9C /* DevPassRestApiTests.swift */; };
		7BCAD60428122F500049CC9C /* DevPassRestApiUITests.swift in Sources */ = {isa = PBXBuildFile; fileRef = 7BCAD60328122F500049CC9C /* DevPassRestApiUITests.swift */; };
		7BCAD60628122F500049CC9C /* DevPassRestApiUITestsLaunchTests.swift in Sources */ = {isa = PBXBuildFile; fileRef = 7BCAD60528122F500049CC9C /* DevPassRestApiUITestsLaunchTests.swift */; };
/* End PBXBuildFile section */

/* Begin PBXContainerItemProxy section */
		7BCAD5F628122F500049CC9C /* PBXContainerItemProxy */ = {
			isa = PBXContainerItemProxy;
			containerPortal = 7BCAD5D728122F4E0049CC9C /* Project object */;
			proxyType = 1;
			remoteGlobalIDString = 7BCAD5DE28122F4E0049CC9C;
			remoteInfo = DevPassRestApi;
		};
		7BCAD60028122F500049CC9C /* PBXContainerItemProxy */ = {
			isa = PBXContainerItemProxy;
			containerPortal = 7BCAD5D728122F4E0049CC9C /* Project object */;
			proxyType = 1;
			remoteGlobalIDString = 7BCAD5DE28122F4E0049CC9C;
			remoteInfo = DevPassRestApi;
		};
/* End PBXContainerItemProxy section */

/* Begin PBXFileReference section */
		7BCAD5DF28122F4E0049CC9C /* DevPassRestApi.app */ = {isa = PBXFileReference; explicitFileType = wrapper.application; includeInIndex = 0; path = DevPassRestApi.app; sourceTree = BUILT_PRODUCTS_DIR; };
		7BCAD5E228122F4E0049CC9C /* AppDelegate.swift */ = {isa = PBXFileReference; lastKnownFileType = sourcecode.swift; path = AppDelegate.swift; sourceTree = "<group>"; };
		7BCAD5E428122F4E0049CC9C /* SceneDelegate.swift */ = {isa = PBXFileReference; lastKnownFileType = sourcecode.swift; path = SceneDelegate.swift; sourceTree = "<group>"; };
		7BCAD5E628122F4E0049CC9C /* ViewController.swift */ = {isa = PBXFileReference; lastKnownFileType = sourcecode.swift; path = ViewController.swift; sourceTree = "<group>"; };
		7BCAD5E928122F4E0049CC9C /* Base */ = {isa = PBXFileReference; lastKnownFileType = file.storyboard; name = Base; path = Base.lproj/Main.storyboard; sourceTree = "<group>"; };
		7BCAD5EB28122F500049CC9C /* Assets.xcassets */ = {isa = PBXFileReference; lastKnownFileType = folder.assetcatalog; path = Assets.xcassets; sourceTree = "<group>"; };
		7BCAD5EE28122F500049CC9C /* Base */ = {isa = PBXFileReference; lastKnownFileType = file.storyboard; name = Base; path = Base.lproj/LaunchScreen.storyboard; sourceTree = "<group>"; };
		7BCAD5F028122F500049CC9C /* Info.plist */ = {isa = PBXFileReference; lastKnownFileType = text.plist.xml; path = Info.plist; sourceTree = "<group>"; };
		7BCAD5F528122F500049CC9C /* DevPassRestApiTests.xctest */ = {isa = PBXFileReference; explicitFileType = wrapper.cfbundle; includeInIndex = 0; path = DevPassRestApiTests.xctest; sourceTree = BUILT_PRODUCTS_DIR; };
		7BCAD5F928122F500049CC9C /* DevPassRestApiTests.swift */ = {isa = PBXFileReference; lastKnownFileType = sourcecode.swift; path = DevPassRestApiTests.swift; sourceTree = "<group>"; };
		7BCAD5FF28122F500049CC9C /* DevPassRestApiUITests.xctest */ = {isa = PBXFileReference; explicitFileType = wrapper.cfbundle; includeInIndex = 0; path = DevPassRestApiUITests.xctest; sourceTree = BUILT_PRODUCTS_DIR; };
		7BCAD60328122F500049CC9C /* DevPassRestApiUITests.swift */ = {isa = PBXFileReference; lastKnownFileType = sourcecode.swift; path = DevPassRestApiUITests.swift; sourceTree = "<group>"; };
		7BCAD60528122F500049CC9C /* DevPassRestApiUITestsLaunchTests.swift */ = {isa = PBXFileReference; lastKnownFileType = sourcecode.swift; path = DevPassRestApiUITestsLaunchTests.swift; sourceTree = "<group>"; };
/* End PBXFileReference section */

/* Begin PBXFrameworksBuildPhase section */
		7BCAD5DC28122F4E0049CC9C /* Frameworks */ = {
			isa = PBXFrameworksBuildPhase;
			buildActionMask = 2147483647;
			files = (
			);
			runOnlyForDeploymentPostprocessing = 0;
		};
		7BCAD5F228122F500049CC9C /* Frameworks */ = {
			isa = PBXFrameworksBuildPhase;
			buildActionMask = 2147483647;
			files = (
			);
			runOnlyForDeploymentPostprocessing = 0;
		};
		7BCAD5FC28122F500049CC9C /* Frameworks */ = {
			isa = PBXFrameworksBuildPhase;
			buildActionMask = 2147483647;
			files = (
			);
			runOnlyForDeploymentPostprocessing = 0;
		};
/* End PBXFrameworksBuildPhase section */

/* Begin PBXGroup section */
		7BCAD5D628122F4E0049CC9C = {
			isa = PBXGroup;
			children = (
				7BCAD5E128122F4E0049CC9C /* DevPassRestApi */,
				7BCAD5F828122F500049CC9C /* DevPassRestApiTests */,
				7BCAD60228122F500049CC9C /* DevPassRestApiUITests */,
				7BCAD5E028122F4E0049CC9C /* Products */,
			);
			sourceTree = "<group>";
		};
		7BCAD5E028122F4E0049CC9C /* Products */ = {
			isa = PBXGroup;
			children = (
				7BCAD5DF28122F4E0049CC9C /* DevPassRestApi.app */,
				7BCAD5F528122F500049CC9C /* DevPassRestApiTests.xctest */,
				7BCAD5FF28122F500049CC9C /* DevPassRestApiUITests.xctest */,
			);
			name = Products;
			sourceTree = "<group>";
		};
		7BCAD5E128122F4E0049CC9C /* DevPassRestApi */ = {
			isa = PBXGroup;
			children = (
				7BCAD5E228122F4E0049CC9C /* AppDelegate.swift */,
				7BCAD5E428122F4E0049CC9C /* SceneDelegate.swift */,
				7BCAD5E628122F4E0049CC9C /* ViewController.swift */,
				7BCAD5E828122F4E0049CC9C /* Main.storyboard */,
				7BCAD5EB28122F500049CC9C /* Assets.xcassets */,
				7BCAD5ED28122F500049CC9C /* LaunchScreen.storyboard */,
				7BCAD5F028122F500049CC9C /* Info.plist */,
			);
			path = DevPassRestApi;
			sourceTree = "<group>";
		};
		7BCAD5F828122F500049CC9C /* DevPassRestApiTests */ = {
			isa = PBXGroup;
			children = (
				7BCAD5F928122F500049CC9C /* DevPassRestApiTests.swift */,
			);
			path = DevPassRestApiTests;
			sourceTree = "<group>";
		};
		7BCAD60228122F500049CC9C /* DevPassRestApiUITests */ = {
			isa = PBXGroup;
			children = (
				7BCAD60328122F500049CC9C /* DevPassRestApiUITests.swift */,
				7BCAD60528122F500049CC9C /* DevPassRestApiUITestsLaunchTests.swift */,
			);
			path = DevPassRestApiUITests;
			sourceTree = "<group>";
		};
/* End PBXGroup section */

/* Begin PBXNativeTarget section */
		7BCAD5DE28122F4E0049CC9C /* DevPassRestApi */ = {
			isa = PBXNativeTarget;
			buildConfigurationList = 7BCAD60928122F500049CC9C /* Build configuration list for PBXNativeTarget "DevPassRestApi" */;
			buildPhases = (
				7BCAD5DB28122F4E0049CC9C /* Sources */,
				7BCAD5DC28122F4E0049CC9C /* Frameworks */,
				7BCAD5DD28122F4E0049CC9C /* Resources */,
			);
			buildRules = (
			);
			dependencies = (
			);
			name = DevPassRestApi;
			productName = DevPassRestApi;
			productReference = 7BCAD5DF28122F4E0049CC9C /* DevPassRestApi.app */;
			productType = "com.apple.product-type.application";
		};
		7BCAD5F428122F500049CC9C /* DevPassRestApiTests */ = {
			isa = PBXNativeTarget;
			buildConfigurationList = 7BCAD60C28122F500049CC9C /* Build configuration list for PBXNativeTarget "DevPassRestApiTests" */;
			buildPhases = (
				7BCAD5F128122F500049CC9C /* Sources */,
				7BCAD5F228122F500049CC9C /* Frameworks */,
				7BCAD5F328122F500049CC9C /* Resources */,
			);
			buildRules = (
			);
			dependencies = (
				7BCAD5F728122F500049CC9C /* PBXTargetDependency */,
			);
			name = DevPassRestApiTests;
			productName = DevPassRestApiTests;
			productReference = 7BCAD5F528122F500049CC9C /* DevPassRestApiTests.xctest */;
			productType = "com.apple.product-type.bundle.unit-test";
		};
		7BCAD5FE28122F500049CC9C /* DevPassRestApiUITests */ = {
			isa = PBXNativeTarget;
			buildConfigurationList = 7BCAD60F28122F500049CC9C /* Build configuration list for PBXNativeTarget "DevPassRestApiUITests" */;
			buildPhases = (
				7BCAD5FB28122F500049CC9C /* Sources */,
				7BCAD5FC28122F500049CC9C /* Frameworks */,
				7BCAD5FD28122F500049CC9C /* Resources */,
			);
			buildRules = (
			);
			dependencies = (
				7BCAD60128122F500049CC9C /* PBXTargetDependency */,
			);
			name = DevPassRestApiUITests;
			productName = DevPassRestApiUITests;
			productReference = 7BCAD5FF28122F500049CC9C /* DevPassRestApiUITests.xctest */;
			productType = "com.apple.product-type.bundle.ui-testing";
		};
/* End PBXNativeTarget section */

/* Begin PBXProject section */
		7BCAD5D728122F4E0049CC9C /* Project object */ = {
			isa = PBXProject;
			attributes = {
				BuildIndependentTargetsInParallel = 1;
				LastSwiftUpdateCheck = 1320;
				LastUpgradeCheck = 1320;
				TargetAttributes = {
					7BCAD5DE28122F4E0049CC9C = {
						CreatedOnToolsVersion = 13.2;
					};
					7BCAD5F428122F500049CC9C = {
						CreatedOnToolsVersion = 13.2;
						TestTargetID = 7BCAD5DE28122F4E0049CC9C;
					};
					7BCAD5FE28122F500049CC9C = {
						CreatedOnToolsVersion = 13.2;
						TestTargetID = 7BCAD5DE28122F4E0049CC9C;
					};
				};
			};
			buildConfigurationList = 7BCAD5DA28122F4E0049CC9C /* Build configuration list for PBXProject "DevPassRestApi" */;
			compatibilityVersion = "Xcode 13.0";
			developmentRegion = en;
			hasScannedForEncodings = 0;
			knownRegions = (
				en,
				Base,
			);
			mainGroup = 7BCAD5D628122F4E0049CC9C;
			productRefGroup = 7BCAD5E028122F4E0049CC9C /* Products */;
			projectDirPath = "";
			projectRoot = "";
			targets = (
				7BCAD5DE28122F4E0049CC9C /* DevPassRestApi */,
				7BCAD5F428122F500049CC9C /* DevPassRestApiTests */,
				7BCAD5FE28122F500049CC9C /* DevPassRestApiUITests */,
			);
		};
/* End PBXProject section */

/* Begin PBXResourcesBuildPhase section */
		7BCAD5DD28122F4E0049CC9C /* Resources */ = {
			isa = PBXResourcesBuildPhase;
			buildActionMask = 2147483647;
			files = (
				7BCAD5EF28122F500049CC9C /* LaunchScreen.storyboard in Resources */,
				7BCAD5EC28122F500049CC9C /* Assets.xcassets in Resources */,
				7BCAD5EA28122F4E0049CC9C /* Main.storyboard in Resources */,
			);
			runOnlyForDeploymentPostprocessing = 0;
		};
		7BCAD5F328122F500049CC9C /* Resources */ = {
			isa = PBXResourcesBuildPhase;
			buildActionMask = 2147483647;
			files = (
			);
			runOnlyForDeploymentPostprocessing = 0;
		};
		7BCAD5FD28122F500049CC9C /* Resources */ = {
			isa = PBXResourcesBuildPhase;
			buildActionMask = 2147483647;
			files = (
			);
			runOnlyForDeploymentPostprocessing = 0;
		};
/* End PBXResourcesBuildPhase section */

/* Begin PBXSourcesBuildPhase section */
		7BCAD5DB28122F4E0049CC9C /* Sources */ = {
			isa = PBXSourcesBuildPhase;
			buildActionMask = 2147483647;
			files = (
				7BCAD5E728122F4E0049CC9C /* ViewController.swift in Sources */,
				7BCAD5E328122F4E0049CC9C /* AppDelegate.swift in Sources */,
				7BCAD5E528122F4E0049CC9C /* SceneDelegate.swift in Sources */,
			);
			runOnlyForDeploymentPostprocessing = 0;
		};
		7BCAD5F128122F500049CC9C /* Sources */ = {
			isa = PBXSourcesBuildPhase;
			buildActionMask = 2147483647;
			files = (
				7BCAD5FA28122F500049CC9C /* DevPassRestApiTests.swift in Sources */,
			);
			runOnlyForDeploymentPostprocessing = 0;
		};
		7BCAD5FB28122F500049CC9C /* Sources */ = {
			isa = PBXSourcesBuildPhase;
			buildActionMask = 2147483647;
			files = (
				7BCAD60628122F500049CC9C /* DevPassRestApiUITestsLaunchTests.swift in Sources */,
				7BCAD60428122F500049CC9C /* DevPassRestApiUITests.swift in Sources */,
			);
			runOnlyForDeploymentPostprocessing = 0;
		};
/* End PBXSourcesBuildPhase section */

/* Begin PBXTargetDependency section */
		7BCAD5F728122F500049CC9C /* PBXTargetDependency */ = {
			isa = PBXTargetDependency;
			target = 7BCAD5DE28122F4E0049CC9C /* DevPassRestApi */;
			targetProxy = 7BCAD5F628122F500049CC9C /* PBXContainerItemProxy */;
		};
		7BCAD60128122F500049CC9C /* PBXTargetDependency */ = {
			isa = PBXTargetDependency;
			target = 7BCAD5DE28122F4E0049CC9C /* DevPassRestApi */;
			targetProxy = 7BCAD60028122F500049CC9C /* PBXContainerItemProxy */;
		};
/* End PBXTargetDependency section */

/* Begin PBXVariantGroup section */
		7BCAD5E828122F4E0049CC9C /* Main.storyboard */ = {
			isa = PBXVariantGroup;
			children = (
				7BCAD5E928122F4E0049CC9C /* Base */,
			);
			name = Main.storyboard;
			sourceTree = "<group>";
		};
		7BCAD5ED28122F500049CC9C /* LaunchScreen.storyboard */ = {
			isa = PBXVariantGroup;
			children = (
				7BCAD5EE28122F500049CC9C /* Base */,
			);
			name = LaunchScreen.storyboard;
			sourceTree = "<group>";
		};
/* End PBXVariantGroup section */

/* Begin XCBuildConfiguration section */
		7BCAD60728122F500049CC9C /* Debug */ = {
			isa = XCBuildConfiguration;
			buildSettings = {
				ALWAYS_SEARCH_USER_PATHS = NO;
				CLANG_ANALYZER_NONNULL = YES;
				CLANG_ANALYZER_NUMBER_OBJECT_CONVERSION = YES_AGGRESSIVE;
				CLANG_CXX_LANGUAGE_STANDARD = "gnu++17";
				CLANG_CXX_LIBRARY = "libc++";
				CLANG_ENABLE_MODULES = YES;
				CLANG_ENABLE_OBJC_ARC = YES;
				CLANG_ENABLE_OBJC_WEAK = YES;
				CLANG_WARN_BLOCK_CAPTURE_AUTORELEASING = YES;
				CLANG_WARN_BOOL_CONVERSION = YES;
				CLANG_WARN_COMMA = YES;
				CLANG_WARN_CONSTANT_CONVERSION = YES;
				CLANG_WARN_DEPRECATED_OBJC_IMPLEMENTATIONS = YES;
				CLANG_WARN_DIRECT_OBJC_ISA_USAGE = YES_ERROR;
				CLANG_WARN_DOCUMENTATION_COMMENTS = YES;
				CLANG_WARN_EMPTY_BODY = YES;
				CLANG_WARN_ENUM_CONVERSION = YES;
				CLANG_WARN_INFINITE_RECURSION = YES;
				CLANG_WARN_INT_CONVERSION = YES;
				CLANG_WARN_NON_LITERAL_NULL_CONVERSION = YES;
				CLANG_WARN_OBJC_IMPLICIT_RETAIN_SELF = YES;
				CLANG_WARN_OBJC_LITERAL_CONVERSION = YES;
				CLANG_WARN_OBJC_ROOT_CLASS = YES_ERROR;
				CLANG_WARN_QUOTED_INCLUDE_IN_FRAMEWORK_HEADER = YES;
				CLANG_WARN_RANGE_LOOP_ANALYSIS = YES;
				CLANG_WARN_STRICT_PROTOTYPES = YES;
				CLANG_WARN_SUSPICIOUS_MOVE = YES;
				CLANG_WARN_UNGUARDED_AVAILABILITY = YES_AGGRESSIVE;
				CLANG_WARN_UNREACHABLE_CODE = YES;
				CLANG_WARN__DUPLICATE_METHOD_MATCH = YES;
				COPY_PHASE_STRIP = NO;
				DEBUG_INFORMATION_FORMAT = dwarf;
				ENABLE_STRICT_OBJC_MSGSEND = YES;
				ENABLE_TESTABILITY = YES;
				GCC_C_LANGUAGE_STANDARD = gnu11;
				GCC_DYNAMIC_NO_PIC = NO;
				GCC_NO_COMMON_BLOCKS = YES;
				GCC_OPTIMIZATION_LEVEL = 0;
				GCC_PREPROCESSOR_DEFINITIONS = (
					"DEBUG=1",
					"$(inherited)",
				);
				GCC_WARN_64_TO_32_BIT_CONVERSION = YES;
				GCC_WARN_ABOUT_RETURN_TYPE = YES_ERROR;
				GCC_WARN_UNDECLARED_SELECTOR = YES;
				GCC_WARN_UNINITIALIZED_AUTOS = YES_AGGRESSIVE;
				GCC_WARN_UNUSED_FUNCTION = YES;
				GCC_WARN_UNUSED_VARIABLE = YES;
				IPHONEOS_DEPLOYMENT_TARGET = 15.2;
				MTL_ENABLE_DEBUG_INFO = INCLUDE_SOURCE;
				MTL_FAST_MATH = YES;
				ONLY_ACTIVE_ARCH = YES;
				SDKROOT = iphoneos;
				SWIFT_ACTIVE_COMPILATION_CONDITIONS = DEBUG;
				SWIFT_OPTIMIZATION_LEVEL = "-Onone";
			};
			name = Debug;
		};
		7BCAD60828122F500049CC9C /* Release */ = {
			isa = XCBuildConfiguration;
			buildSettings = {
				ALWAYS_SEARCH_USER_PATHS = NO;
				CLANG_ANALYZER_NONNULL = YES;
				CLANG_ANALYZER_NUMBER_OBJECT_CONVERSION = YES_AGGRESSIVE;
				CLANG_CXX_LANGUAGE_STANDARD = "gnu++17";
				CLANG_CXX_LIBRARY = "libc++";
				CLANG_ENABLE_MODULES = YES;
				CLANG_ENABLE_OBJC_ARC = YES;
				CLANG_ENABLE_OBJC_WEAK = YES;
				CLANG_WARN_BLOCK_CAPTURE_AUTORELEASING = YES;
				CLANG_WARN_BOOL_CONVERSION = YES;
				CLANG_WARN_COMMA = YES;
				CLANG_WARN_CONSTANT_CONVERSION = YES;
				CLANG_WARN_DEPRECATED_OBJC_IMPLEMENTATIONS = YES;
				CLANG_WARN_DIRECT_OBJC_ISA_USAGE = YES_ERROR;
				CLANG_WARN_DOCUMENTATION_COMMENTS = YES;
				CLANG_WARN_EMPTY_BODY = YES;
				CLANG_WARN_ENUM_CONVERSION = YES;
				CLANG_WARN_INFINITE_RECURSION = YES;
				CLANG_WARN_INT_CONVERSION = YES;
				CLANG_WARN_NON_LITERAL_NULL_CONVERSION = YES;
				CLANG_WARN_OBJC_IMPLICIT_RETAIN_SELF = YES;
				CLANG_WARN_OBJC_LITERAL_CONVERSION = YES;
				CLANG_WARN_OBJC_ROOT_CLASS = YES_ERROR;
				CLANG_WARN_QUOTED_INCLUDE_IN_FRAMEWORK_HEADER = YES;
				CLANG_WARN_RANGE_LOOP_ANALYSIS = YES;
				CLANG_WARN_STRICT_PROTOTYPES = YES;
				CLANG_WARN_SUSPICIOUS_MOVE = YES;
				CLANG_WARN_UNGUARDED_AVAILABILITY = YES_AGGRESSIVE;
				CLANG_WARN_UNREACHABLE_CODE = YES;
				CLANG_WARN__DUPLICATE_METHOD_MATCH = YES;
				COPY_PHASE_STRIP = NO;
				DEBUG_INFORMATION_FORMAT = "dwarf-with-dsym";
				ENABLE_NS_ASSERTIONS = NO;
				ENABLE_STRICT_OBJC_MSGSEND = YES;
				GCC_C_LANGUAGE_STANDARD = gnu11;
				GCC_NO_COMMON_BLOCKS = YES;
				GCC_WARN_64_TO_32_BIT_CONVERSION = YES;
				GCC_WARN_ABOUT_RETURN_TYPE = YES_ERROR;
				GCC_WARN_UNDECLARED_SELECTOR = YES;
				GCC_WARN_UNINITIALIZED_AUTOS = YES_AGGRESSIVE;
				GCC_WARN_UNUSED_FUNCTION = YES;
				GCC_WARN_UNUSED_VARIABLE = YES;
				IPHONEOS_DEPLOYMENT_TARGET = 15.2;
				MTL_ENABLE_DEBUG_INFO = NO;
				MTL_FAST_MATH = YES;
				SDKROOT = iphoneos;
				SWIFT_COMPILATION_MODE = wholemodule;
				SWIFT_OPTIMIZATION_LEVEL = "-O";
				VALIDATE_PRODUCT = YES;
			};
			name = Release;
		};
		7BCAD60A28122F500049CC9C /* Debug */ = {
			isa = XCBuildConfiguration;
			buildSettings = {
				ASSETCATALOG_COMPILER_APPICON_NAME = AppIcon;
				ASSETCATALOG_COMPILER_GLOBAL_ACCENT_COLOR_NAME = AccentColor;
				CODE_SIGN_STYLE = Automatic;
				CURRENT_PROJECT_VERSION = 1;
				DEVELOPMENT_TEAM = U2RRJBJ9M2;
				GENERATE_INFOPLIST_FILE = YES;
				INFOPLIST_FILE = DevPassRestApi/Info.plist;
				INFOPLIST_KEY_UIApplicationSupportsIndirectInputEvents = YES;
				INFOPLIST_KEY_UILaunchStoryboardName = LaunchScreen;
				INFOPLIST_KEY_UIMainStoryboardFile = Main;
				INFOPLIST_KEY_UISupportedInterfaceOrientations_iPad = "UIInterfaceOrientationPortrait UIInterfaceOrientationPortraitUpsideDown UIInterfaceOrientationLandscapeLeft UIInterfaceOrientationLandscapeRight";
				INFOPLIST_KEY_UISupportedInterfaceOrientations_iPhone = "UIInterfaceOrientationPortrait UIInterfaceOrientationLandscapeLeft UIInterfaceOrientationLandscapeRight";
				LD_RUNPATH_SEARCH_PATHS = (
					"$(inherited)",
					"@executable_path/Frameworks",
				);
				MARKETING_VERSION = 1.0;
				PRODUCT_BUNDLE_IDENTIFIER = jatheus.DevPassRestApi;
				PRODUCT_NAME = "$(TARGET_NAME)";
				SWIFT_EMIT_LOC_STRINGS = YES;
				SWIFT_VERSION = 5.0;
				TARGETED_DEVICE_FAMILY = "1,2";
			};
			name = Debug;
		};
		7BCAD60B28122F500049CC9C /* Release */ = {
			isa = XCBuildConfiguration;
			buildSettings = {
				ASSETCATALOG_COMPILER_APPICON_NAME = AppIcon;
				ASSETCATALOG_COMPILER_GLOBAL_ACCENT_COLOR_NAME = AccentColor;
				CODE_SIGN_STYLE = Automatic;
				CURRENT_PROJECT_VERSION = 1;
				DEVELOPMENT_TEAM = U2RRJBJ9M2;
				GENERATE_INFOPLIST_FILE = YES;
				INFOPLIST_FILE = DevPassRestApi/Info.plist;
				INFOPLIST_KEY_UIApplicationSupportsIndirectInputEvents = YES;
				INFOPLIST_KEY_UILaunchStoryboardName = LaunchScreen;
				INFOPLIST_KEY_UIMainStoryboardFile = Main;
				INFOPLIST_KEY_UISupportedInterfaceOrientations_iPad = "UIInterfaceOrientationPortrait UIInterfaceOrientationPortraitUpsideDown UIInterfaceOrientationLandscapeLeft UIInterfaceOrientationLandscapeRight";
				INFOPLIST_KEY_UISupportedInterfaceOrientations_iPhone = "UIInterfaceOrientationPortrait UIInterfaceOrientationLandscapeLeft UIInterfaceOrientationLandscapeRight";
				LD_RUNPATH_SEARCH_PATHS = (
					"$(inherited)",
					"@executable_path/Frameworks",
				);
				MARKETING_VERSION = 1.0;
				PRODUCT_BUNDLE_IDENTIFIER = jatheus.DevPassRestApi;
				PRODUCT_NAME = "$(TARGET_NAME)";
				SWIFT_EMIT_LOC_STRINGS = YES;
				SWIFT_VERSION = 5.0;
				TARGETED_DEVICE_FAMILY = "1,2";
			};
			name = Release;
		};
		7BCAD60D28122F500049CC9C /* Debug */ = {
			isa = XCBuildConfiguration;
			buildSettings = {
				ALWAYS_EMBED_SWIFT_STANDARD_LIBRARIES = YES;
				BUNDLE_LOADER = "$(TEST_HOST)";
				CODE_SIGN_STYLE = Automatic;
				CURRENT_PROJECT_VERSION = 1;
				DEVELOPMENT_TEAM = U2RRJBJ9M2;
				GENERATE_INFOPLIST_FILE = YES;
				IPHONEOS_DEPLOYMENT_TARGET = 15.2;
				MARKETING_VERSION = 1.0;
				PRODUCT_BUNDLE_IDENTIFIER = jatheus.DevPassRestApiTests;
				PRODUCT_NAME = "$(TARGET_NAME)";
				SWIFT_EMIT_LOC_STRINGS = NO;
				SWIFT_VERSION = 5.0;
				TARGETED_DEVICE_FAMILY = "1,2";
				TEST_HOST = "$(BUILT_PRODUCTS_DIR)/DevPassRestApi.app/DevPassRestApi";
			};
			name = Debug;
		};
		7BCAD60E28122F500049CC9C /* Release */ = {
			isa = XCBuildConfiguration;
			buildSettings = {
				ALWAYS_EMBED_SWIFT_STANDARD_LIBRARIES = YES;
				BUNDLE_LOADER = "$(TEST_HOST)";
				CODE_SIGN_STYLE = Automatic;
				CURRENT_PROJECT_VERSION = 1;
				DEVELOPMENT_TEAM = U2RRJBJ9M2;
				GENERATE_INFOPLIST_FILE = YES;
				IPHONEOS_DEPLOYMENT_TARGET = 15.2;
				MARKETING_VERSION = 1.0;
				PRODUCT_BUNDLE_IDENTIFIER = jatheus.DevPassRestApiTests;
				PRODUCT_NAME = "$(TARGET_NAME)";
				SWIFT_EMIT_LOC_STRINGS = NO;
				SWIFT_VERSION = 5.0;
				TARGETED_DEVICE_FAMILY = "1,2";
				TEST_HOST = "$(BUILT_PRODUCTS_DIR)/DevPassRestApi.app/DevPassRestApi";
			};
			name = Release;
		};
		7BCAD61028122F500049CC9C /* Debug */ = {
			isa = XCBuildConfiguration;
			buildSettings = {
				ALWAYS_EMBED_SWIFT_STANDARD_LIBRARIES = YES;
				CODE_SIGN_STYLE = Automatic;
				CURRENT_PROJECT_VERSION = 1;
				DEVELOPMENT_TEAM = U2RRJBJ9M2;
				GENERATE_INFOPLIST_FILE = YES;
				MARKETING_VERSION = 1.0;
				PRODUCT_BUNDLE_IDENTIFIER = jatheus.DevPassRestApiUITests;
				PRODUCT_NAME = "$(TARGET_NAME)";
				SWIFT_EMIT_LOC_STRINGS = NO;
				SWIFT_VERSION = 5.0;
				TARGETED_DEVICE_FAMILY = "1,2";
				TEST_TARGET_NAME = DevPassRestApi;
			};
			name = Debug;
		};
		7BCAD61128122F500049CC9C /* Release */ = {
			isa = XCBuildConfiguration;
			buildSettings = {
				ALWAYS_EMBED_SWIFT_STANDARD_LIBRARIES = YES;
				CODE_SIGN_STYLE = Automatic;
				CURRENT_PROJECT_VERSION = 1;
				DEVELOPMENT_TEAM = U2RRJBJ9M2;
				GENERATE_INFOPLIST_FILE = YES;
				MARKETING_VERSION = 1.0;
				PRODUCT_BUNDLE_IDENTIFIER = jatheus.DevPassRestApiUITests;
				PRODUCT_NAME = "$(TARGET_NAME)";
				SWIFT_EMIT_LOC_STRINGS = NO;
				SWIFT_VERSION = 5.0;
				TARGETED_DEVICE_FAMILY = "1,2";
				TEST_TARGET_NAME = DevPassRestApi;
			};
			name = Release;
		};
/* End XCBuildConfiguration section */

/* Begin XCConfigurationList section */
		7BCAD5DA28122F4E0049CC9C /* Build configuration list for PBXProject "DevPassRestApi" */ = {
			isa = XCConfigurationList;
			buildConfigurations = (
				7BCAD60728122F500049CC9C /* Debug */,
				7BCAD60828122F500049CC9C /* Release */,
			);
			defaultConfigurationIsVisible = 0;
			defaultConfigurationName = Release;
		};
		7BCAD60928122F500049CC9C /* Build configuration list for PBXNativeTarget "DevPassRestApi" */ = {
			isa = XCConfigurationList;
			buildConfigurations = (
				7BCAD60A28122F500049CC9C /* Debug */,
				7BCAD60B28122F500049CC9C /* Release */,
			);
			defaultConfigurationIsVisible = 0;
			defaultConfigurationName = Release;
		};
		7BCAD60C28122F500049CC9C /* Build configuration list for PBXNativeTarget "DevPassRestApiTests" */ = {
			isa = XCConfigurationList;
			buildConfigurations = (
				7BCAD60D28122F500049CC9C /* Debug */,
				7BCAD60E28122F500049CC9C /* Release */,
			);
			defaultConfigurationIsVisible = 0;
			defaultConfigurationName = Release;
		};
		7BCAD60F28122F500049CC9C /* Build configuration list for PBXNativeTarget "DevPassRestApiUITests" */ = {
			isa = XCConfigurationList;
			buildConfigurations = (
				7BCAD61028122F500049CC9C /* Debug */,
				7BCAD61128122F500049CC9C /* Release */,
			);
			defaultConfigurationIsVisible = 0;
			defaultConfigurationName = Release;
		};
/* End XCConfigurationList section */
	};
	rootObject = 7BCAD5D728122F4E0049CC9C /* Project object */;
}
